
Microsoft Visual Studio Solution File, Format Version 12.00
# Visual Studio Version 16
VisualStudioVersion = 16.0.31702.278
MinimumVisualStudioVersion = 10.0.40219.1
Project("{9A19103F-16F7-4668-BE54-9A1E7A4F7556}") = "COM3D2.DisableVRControllerModes", "COM3D2.DisableVRControllerModes.csproj", "{3B06E810-5A5B-4D40-AAAD-B302CAEED46C}"
EndProject
Global
	GlobalSection(SolutionConfigurationPlatforms) = preSolution
		Debug|Any CPU = Debug|Any CPU
		Release|Any CPU = Release|Any CPU
	EndGlobalSection
	GlobalSection(ProjectConfigurationPlatforms) = postSolution
		{3B06E810-5A5B-4D40-AAAD-B302CAEED46C}.Debug|Any CPU.ActiveCfg = Debug|Any CPU
		{3B06E810-5A5B-4D40-AAAD-B302CAEED46C}.Debug|Any CPU.Build.0 = Debug|Any CPU
		{3B06E810-5A5B-4D40-AAAD-B302CAEED46C}.Release|Any CPU.ActiveCfg = Release|Any CPU
		{3B06E810-5A5B-4D40-AAAD-B302CAEED46C}.Release|Any CPU.Build.0 = Release|Any CPU
	EndGlobalSection
	GlobalSection(SolutionProperties) = preSolution
		HideSolutionNode = FALSE
	EndGlobalSection
	GlobalSection(ExtensibilityGlobals) = postSolution
		SolutionGuid = {8829B70D-F16B-42A7-9750-89DF3F4D4D19}
	EndGlobalSection
EndGlobal
